{
  "version": 4,
  "terraform_version": "0.12.20",
  "serial": 4,
  "lineage": "f5161d7e-1b87-32d0-8c33-20a63a1d0f4d",
  "outputs": {},
  "resources": [
    {
      "mode": "managed",
      "type": "aws_instance",
      "name": "example",
      "provider": "provider.aws",
      "instances": [
        {
          "schema_version": 1,
          "attributes": {
            "ami": "ami-07ebfd5b3428b6f4d",
            "arn": "arn:aws:ec2:us-east-1:945490821771:instance/i-04e381dd5c7a2ae57",
            "associate_public_ip_address": true,
            "availability_zone": "us-east-1c",
            "cpu_core_count": 1,
            "cpu_threads_per_core": 1,
            "credit_specification": [
              {
                "cpu_credits": "standard"
              }
            ],
            "disable_api_termination": false,
            "ebs_block_device": [],
            "ebs_optimized": false,
            "ephemeral_block_device": [],
            "get_password_data": false,
            "host_id": null,
            "iam_instance_profile": "",
            "id": "i-04e381dd5c7a2ae57",
            "instance_initiated_shutdown_behavior": null,
            "instance_state": "running",
            "instance_type": "t2.micro",
            "ipv6_address_count": 0,
            "ipv6_addresses": [],
            "key_name": "terraform",
            "monitoring": false,
            "network_interface": [],
            "network_interface_id": null,
            "password_data": "",
            "placement_group": "",
            "primary_network_interface_id": "eni-0ccecbe85fdcdfd2c",
            "private_dns": "ip-172-31-33-117.ec2.internal",
            "private_ip": "172.31.33.117",
            "public_dns": "ec2-35-174-0-91.compute-1.amazonaws.com",
            "public_ip": "35.174.0.91",
            "root_block_device": [
              {
                "delete_on_termination": true,
                "encrypted": false,
                "iops": 100,
                "kms_key_id": "",
                "volume_id": "vol-0fe07b786ecc59ae3",
                "volume_size": 8,
                "volume_type": "gp2"
              }
            ],
            "security_groups": [
              "default"
            ],
            "source_dest_check": true,
            "subnet_id": "subnet-cc4b6690",
            "tags": null,
            "tenancy": "default",
            "timeouts": null,
            "user_data": null,
            "user_data_base64": null,
            "volume_tags": {},
            "vpc_security_group_ids": [
              "sg-51919f0d"
            ]
          },
          "private": "eyJlMmJmYjczMC1lY2FhLTExZTYtOGY4OC0zNDM2M2JjN2M0YzAiOnsiY3JlYXRlIjo2MDAwMDAwMDAwMDAsImRlbGV0ZSI6MTIwMDAwMDAwMDAwMCwidXBkYXRlIjo2MDAwMDAwMDAwMDB9LCJzY2hlbWFfdmVyc2lvbiI6IjEifQ==",
          "dependencies": [
            "aws_key_pair.terraform"
          ]
        }
      ]
    },
    {
      "mode": "managed",
      "type": "aws_key_pair",
      "name": "terraform",
      "provider": "provider.aws",
      "instances": [
        {
          "schema_version": 1,
          "attributes": {
            "fingerprint": "70:0f:ed:d0:2f:ca:ac:b1:69:3d:da:d0:8e:de:b3:6d",
            "id": "terraform",
            "key_name": "terraform",
            "key_name_prefix": null,
            "key_pair_id": "key-05a111172a769f470",
            "public_key": "ssh-rsa AAAAB3NzaC1yc2EAAAADAQABAAABAQC2LKtY60kYqotggx5DGbO/YvkNrTF6SgblFfm6lyxkrVeVaY89AkhsW+2mfehpqjR+aX2x4GQGmCYd6SC9Km4Y240W1OoW8rZRmIcNO4iUialACGAfL+HFAZ64dXtU5om29rIluqnAzGORs3yO07aWWytU1DryRkaSkKaRFY1CcClPYWczfBoy1WWDM+kFOZYwZCde3T8krR9dV2PqLcqgvkxaRSgstoZqDAruxOE5mzshXkUaMUUnIRdFDl6aEVzSPNtq+WT4vPK5hAqh+TEIBnj2eS2FZHE2v88rXTUPtunfWTSNdSGdOA8KMpUwM3PabHm8zrmhx4sS5cGB/twJ daniel@daniel",
            "tags": null
          },
          "private": "eyJzY2hlbWFfdmVyc2lvbiI6IjEifQ=="
        }
      ]
    }
  ]
}
